// !$*UTF8*$!
{
	archiveVersion = 1;
	classes = {
	};
	objectVersion = 50;
	objects = {

/* Begin PBXBuildFile section */
		31FBEA869ABECC74101726FD /* Pods_MVVM.framework in Frameworks */ = {isa = PBXBuildFile; fileRef = 9D91C7BCA10B3431C5676BDC /* Pods_MVVM.framework */; };
		76B4E5BCE7B8000032D18E16 /* Pods_MVVMTests.framework in Frameworks */ = {isa = PBXBuildFile; fileRef = 03A4DF29FC61386648ECF2F9 /* Pods_MVVMTests.framework */; };
		7DE3909A961D4D8F46DAB62F /* Pods_MVVMUITests.framework in Frameworks */ = {isa = PBXBuildFile; fileRef = 0AC691CF2D6DC8088908DFFA /* Pods_MVVMUITests.framework */; };
		A67F401822C3BB5B002194B9 /* APIClient.swift in Sources */ = {isa = PBXBuildFile; fileRef = A67F401722C3BB5B002194B9 /* APIClient.swift */; };
		A67F401A22C436BB002194B9 /* API.swift in Sources */ = {isa = PBXBuildFile; fileRef = A67F401922C436BB002194B9 /* API.swift */; };
		A67F401E22C43E46002194B9 /* SwiftyJSON_mvvm.swift in Sources */ = {isa = PBXBuildFile; fileRef = A67F401D22C43E46002194B9 /* SwiftyJSON_mvvm.swift */; };
		A67F402022C471FD002194B9 /* DataProvider.swift in Sources */ = {isa = PBXBuildFile; fileRef = A67F401F22C471FD002194B9 /* DataProvider.swift */; };
		A67F402222C472E3002194B9 /* BannerDataProvider.swift in Sources */ = {isa = PBXBuildFile; fileRef = A67F402122C472E3002194B9 /* BannerDataProvider.swift */; };
		A67F402722C473C0002194B9 /* BannerResponse.swift in Sources */ = {isa = PBXBuildFile; fileRef = A67F402622C473C0002194B9 /* BannerResponse.swift */; };
		A67F402922C474F3002194B9 /* ImageBanner.swift in Sources */ = {isa = PBXBuildFile; fileRef = A67F402822C474F3002194B9 /* ImageBanner.swift */; };
		A67F402C22C47717002194B9 /* Main.swift in Sources */ = {isa = PBXBuildFile; fileRef = A67F402B22C47717002194B9 /* Main.swift */; };
		A67F402F22C478CC002194B9 /* BannerDataSource.swift in Sources */ = {isa = PBXBuildFile; fileRef = A67F402E22C478CC002194B9 /* BannerDataSource.swift */; };
		A67F403122C47A6E002194B9 /* BannerCollectionViewCell.swift in Sources */ = {isa = PBXBuildFile; fileRef = A67F403022C47A6E002194B9 /* BannerCollectionViewCell.swift */; };
		A68BA21C22C3733000BD98BD /* AppDelegate.swift in Sources */ = {isa = PBXBuildFile; fileRef = A68BA21B22C3733000BD98BD /* AppDelegate.swift */; };
		A68BA21E22C3733000BD98BD /* BannerViewController.swift in Sources */ = {isa = PBXBuildFile; fileRef = A68BA21D22C3733000BD98BD /* BannerViewController.swift */; };
		A68BA22122C3733000BD98BD /* Main.storyboard in Resources */ = {isa = PBXBuildFile; fileRef = A68BA21F22C3733000BD98BD /* Main.storyboard */; };
		A68BA22322C3733200BD98BD /* Assets.xcassets in Resources */ = {isa = PBXBuildFile; fileRef = A68BA22222C3733200BD98BD /* Assets.xcassets */; };
		A68BA22622C3733200BD98BD /* LaunchScreen.storyboard in Resources */ = {isa = PBXBuildFile; fileRef = A68BA22422C3733200BD98BD /* LaunchScreen.storyboard */; };
		A68BA23122C3733200BD98BD /* MVVMTests.swift in Sources */ = {isa = PBXBuildFile; fileRef = A68BA23022C3733200BD98BD /* MVVMTests.swift */; };
		A68BA23C22C3733200BD98BD /* MVVMUITests.swift in Sources */ = {isa = PBXBuildFile; fileRef = A68BA23B22C3733200BD98BD /* MVVMUITests.swift */; };
/* End PBXBuildFile section */

/* Begin PBXContainerItemProxy section */
		A68BA22D22C3733200BD98BD /* PBXContainerItemProxy */ = {
			isa = PBXContainerItemProxy;
			containerPortal = A68BA21022C3732F00BD98BD /* Project object */;
			proxyType = 1;
			remoteGlobalIDString = A68BA21722C3733000BD98BD;
			remoteInfo = MVVM;
		};
		A68BA23822C3733200BD98BD /* PBXContainerItemProxy */ = {
			isa = PBXContainerItemProxy;
			containerPortal = A68BA21022C3732F00BD98BD /* Project object */;
			proxyType = 1;
			remoteGlobalIDString = A68BA21722C3733000BD98BD;
			remoteInfo = MVVM;
		};
/* End PBXContainerItemProxy section */

/* Begin PBXFileReference section */
		03A4DF29FC61386648ECF2F9 /* Pods_MVVMTests.framework */ = {isa = PBXFileReference; explicitFileType = wrapper.framework; includeInIndex = 0; path = Pods_MVVMTests.framework; sourceTree = BUILT_PRODUCTS_DIR; };
		0AC691CF2D6DC8088908DFFA /* Pods_MVVMUITests.framework */ = {isa = PBXFileReference; explicitFileType = wrapper.framework; includeInIndex = 0; path = Pods_MVVMUITests.framework; sourceTree = BUILT_PRODUCTS_DIR; };
		15C41D5126CC91F9E3CC68EB /* Pods-MVVMTests.debug.xcconfig */ = {isa = PBXFileReference; includeInIndex = 1; lastKnownFileType = text.xcconfig; name = "Pods-MVVMTests.debug.xcconfig"; path = "Pods/Target Support Files/Pods-MVVMTests/Pods-MVVMTests.debug.xcconfig"; sourceTree = "<group>"; };
		1AD7A36775946374E78D5636 /* Pods-MVVM.release.xcconfig */ = {isa = PBXFileReference; includeInIndex = 1; lastKnownFileType = text.xcconfig; name = "Pods-MVVM.release.xcconfig"; path = "Pods/Target Support Files/Pods-MVVM/Pods-MVVM.release.xcconfig"; sourceTree = "<group>"; };
		5C4FCACA3F066EFCBEB6E3EC /* Pods-MVVMTests.release.xcconfig */ = {isa = PBXFileReference; includeInIndex = 1; lastKnownFileType = text.xcconfig; name = "Pods-MVVMTests.release.xcconfig"; path = "Pods/Target Support Files/Pods-MVVMTests/Pods-MVVMTests.release.xcconfig"; sourceTree = "<group>"; };
		68D12C3EEDF59ADC4564BBA9 /* Pods-MVVM.debug.xcconfig */ = {isa = PBXFileReference; includeInIndex = 1; lastKnownFileType = text.xcconfig; name = "Pods-MVVM.debug.xcconfig"; path = "Pods/Target Support Files/Pods-MVVM/Pods-MVVM.debug.xcconfig"; sourceTree = "<group>"; };
		9D91C7BCA10B3431C5676BDC /* Pods_MVVM.framework */ = {isa = PBXFileReference; explicitFileType = wrapper.framework; includeInIndex = 0; path = Pods_MVVM.framework; sourceTree = BUILT_PRODUCTS_DIR; };
		A4A73A0517675C679B11DB34 /* Pods-MVVMUITests.release.xcconfig */ = {isa = PBXFileReference; includeInIndex = 1; lastKnownFileType = text.xcconfig; name = "Pods-MVVMUITests.release.xcconfig"; path = "Pods/Target Support Files/Pods-MVVMUITests/Pods-MVVMUITests.release.xcconfig"; sourceTree = "<group>"; };
		A67F401722C3BB5B002194B9 /* APIClient.swift */ = {isa = PBXFileReference; lastKnownFileType = sourcecode.swift; path = APIClient.swift; sourceTree = "<group>"; };
		A67F401922C436BB002194B9 /* API.swift */ = {isa = PBXFileReference; lastKnownFileType = sourcecode.swift; path = API.swift; sourceTree = "<group>"; };
		A67F401D22C43E46002194B9 /* SwiftyJSON_mvvm.swift */ = {isa = PBXFileReference; lastKnownFileType = sourcecode.swift; path = SwiftyJSON_mvvm.swift; sourceTree = "<group>"; };
		A67F401F22C471FD002194B9 /* DataProvider.swift */ = {isa = PBXFileReference; lastKnownFileType = sourcecode.swift; path = DataProvider.swift; sourceTree = "<group>"; };
		A67F402122C472E3002194B9 /* BannerDataProvider.swift */ = {isa = PBXFileReference; lastKnownFileType = sourcecode.swift; path = BannerDataProvider.swift; sourceTree = "<group>"; };
		A67F402622C473C0002194B9 /* BannerResponse.swift */ = {isa = PBXFileReference; lastKnownFileType = sourcecode.swift; path = BannerResponse.swift; sourceTree = "<group>"; };
		A67F402822C474F3002194B9 /* ImageBanner.swift */ = {isa = PBXFileReference; fileEncoding = 4; lastKnownFileType = sourcecode.swift; path = ImageBanner.swift; sourceTree = "<group>"; };
		A67F402B22C47717002194B9 /* Main.swift */ = {isa = PBXFileReference; lastKnownFileType = sourcecode.swift; path = Main.swift; sourceTree = "<group>"; };
		A67F402E22C478CC002194B9 /* BannerDataSource.swift */ = {isa = PBXFileReference; lastKnownFileType = sourcecode.swift; path = BannerDataSource.swift; sourceTree = "<group>"; };
		A67F403022C47A6E002194B9 /* BannerCollectionViewCell.swift */ = {isa = PBXFileReference; lastKnownFileType = sourcecode.swift; path = BannerCollectionViewCell.swift; sourceTree = "<group>"; };
		A68BA21822C3733000BD98BD /* MVVM.app */ = {isa = PBXFileReference; explicitFileType = wrapper.application; includeInIndex = 0; path = MVVM.app; sourceTree = BUILT_PRODUCTS_DIR; };
		A68BA21B22C3733000BD98BD /* AppDelegate.swift */ = {isa = PBXFileReference; lastKnownFileType = sourcecode.swift; path = AppDelegate.swift; sourceTree = "<group>"; };
		A68BA21D22C3733000BD98BD /* BannerViewController.swift */ = {isa = PBXFileReference; lastKnownFileType = sourcecode.swift; path = BannerViewController.swift; sourceTree = "<group>"; };
		A68BA22022C3733000BD98BD /* Base */ = {isa = PBXFileReference; lastKnownFileType = file.storyboard; name = Base; path = Base.lproj/Main.storyboard; sourceTree = "<group>"; };
		A68BA22222C3733200BD98BD /* Assets.xcassets */ = {isa = PBXFileReference; lastKnownFileType = folder.assetcatalog; path = Assets.xcassets; sourceTree = "<group>"; };
		A68BA22522C3733200BD98BD /* Base */ = {isa = PBXFileReference; lastKnownFileType = file.storyboard; name = Base; path = Base.lproj/LaunchScreen.storyboard; sourceTree = "<group>"; };
		A68BA22722C3733200BD98BD /* Info.plist */ = {isa = PBXFileReference; lastKnownFileType = text.plist.xml; path = Info.plist; sourceTree = "<group>"; };
		A68BA22C22C3733200BD98BD /* MVVMTests.xctest */ = {isa = PBXFileReference; explicitFileType = wrapper.cfbundle; includeInIndex = 0; path = MVVMTests.xctest; sourceTree = BUILT_PRODUCTS_DIR; };
		A68BA23022C3733200BD98BD /* MVVMTests.swift */ = {isa = PBXFileReference; lastKnownFileType = sourcecode.swift; path = MVVMTests.swift; sourceTree = "<group>"; };
		A68BA23222C3733200BD98BD /* Info.plist */ = {isa = PBXFileReference; lastKnownFileType = text.plist.xml; path = Info.plist; sourceTree = "<group>"; };
		A68BA23722C3733200BD98BD /* MVVMUITests.xctest */ = {isa = PBXFileReference; explicitFileType = wrapper.cfbundle; includeInIndex = 0; path = MVVMUITests.xctest; sourceTree = BUILT_PRODUCTS_DIR; };
		A68BA23B22C3733200BD98BD /* MVVMUITests.swift */ = {isa = PBXFileReference; lastKnownFileType = sourcecode.swift; path = MVVMUITests.swift; sourceTree = "<group>"; };
		A68BA23D22C3733200BD98BD /* Info.plist */ = {isa = PBXFileReference; lastKnownFileType = text.plist.xml; path = Info.plist; sourceTree = "<group>"; };
		D74F06CA4AD8848BE514B24B /* Pods-MVVMUITests.debug.xcconfig */ = {isa = PBXFileReference; includeInIndex = 1; lastKnownFileType = text.xcconfig; name = "Pods-MVVMUITests.debug.xcconfig"; path = "Pods/Target Support Files/Pods-MVVMUITests/Pods-MVVMUITests.debug.xcconfig"; sourceTree = "<group>"; };
/* End PBXFileReference section */

/* Begin PBXFrameworksBuildPhase section */
		A68BA21522C3733000BD98BD /* Frameworks */ = {
			isa = PBXFrameworksBuildPhase;
			buildActionMask = 2147483647;
			files = (
				31FBEA869ABECC74101726FD /* Pods_MVVM.framework in Frameworks */,
			);
			runOnlyForDeploymentPostprocessing = 0;
		};
		A68BA22922C3733200BD98BD /* Frameworks */ = {
			isa = PBXFrameworksBuildPhase;
			buildActionMask = 2147483647;
			files = (
				76B4E5BCE7B8000032D18E16 /* Pods_MVVMTests.framework in Frameworks */,
			);
			runOnlyForDeploymentPostprocessing = 0;
		};
		A68BA23422C3733200BD98BD /* Frameworks */ = {
			isa = PBXFrameworksBuildPhase;
			buildActionMask = 2147483647;
			files = (
				7DE3909A961D4D8F46DAB62F /* Pods_MVVMUITests.framework in Frameworks */,
			);
			runOnlyForDeploymentPostprocessing = 0;
		};
/* End PBXFrameworksBuildPhase section */

/* Begin PBXGroup section */
		187F1FB22AD419B503A75B89 /* Frameworks */ = {
			isa = PBXGroup;
			children = (
				9D91C7BCA10B3431C5676BDC /* Pods_MVVM.framework */,
				03A4DF29FC61386648ECF2F9 /* Pods_MVVMTests.framework */,
				0AC691CF2D6DC8088908DFFA /* Pods_MVVMUITests.framework */,
			);
			name = Frameworks;
			sourceTree = "<group>";
		};
		36A3AE4EE14744572852E6B9 /* Pods */ = {
			isa = PBXGroup;
			children = (
				68D12C3EEDF59ADC4564BBA9 /* Pods-MVVM.debug.xcconfig */,
				1AD7A36775946374E78D5636 /* Pods-MVVM.release.xcconfig */,
				15C41D5126CC91F9E3CC68EB /* Pods-MVVMTests.debug.xcconfig */,
				5C4FCACA3F066EFCBEB6E3EC /* Pods-MVVMTests.release.xcconfig */,
				D74F06CA4AD8848BE514B24B /* Pods-MVVMUITests.debug.xcconfig */,
				A4A73A0517675C679B11DB34 /* Pods-MVVMUITests.release.xcconfig */,
			);
			name = Pods;
			sourceTree = "<group>";
		};
		A67F401622C3BB34002194B9 /* Networking */ = {
			isa = PBXGroup;
			children = (
				A67F401722C3BB5B002194B9 /* APIClient.swift */,
				A67F402B22C47717002194B9 /* Main.swift */,
				A67F401922C436BB002194B9 /* API.swift */,
			);
			path = Networking;
			sourceTree = "<group>";
		};
		A67F401C22C43E23002194B9 /* Extentions */ = {
			isa = PBXGroup;
			children = (
				A67F401D22C43E46002194B9 /* SwiftyJSON_mvvm.swift */,
			);
			path = Extentions;
			sourceTree = "<group>";
		};
		A67F402322C47380002194B9 /* Data Provider */ = {
			isa = PBXGroup;
			children = (
				A67F401F22C471FD002194B9 /* DataProvider.swift */,
				A67F402122C472E3002194B9 /* BannerDataProvider.swift */,
			);
			path = "Data Provider";
			sourceTree = "<group>";
		};
		A67F402422C473A2002194B9 /* Classes */ = {
			isa = PBXGroup;
			children = (
				A67F402D22C478B6002194B9 /* View */,
				A67F402322C47380002194B9 /* Data Provider */,
				A67F402522C473AD002194B9 /* Data Model */,
			);
			path = Classes;
			sourceTree = "<group>";
		};
		A67F402522C473AD002194B9 /* Data Model */ = {
			isa = PBXGroup;
			children = (
				A67F402622C473C0002194B9 /* BannerResponse.swift */,
				A67F402822C474F3002194B9 /* ImageBanner.swift */,
			);
			path = "Data Model";
			sourceTree = "<group>";
		};
		A67F402D22C478B6002194B9 /* View */ = {
			isa = PBXGroup;
			children = (
				A67F403222C4A04E002194B9 /* Banner */,
			);
			path = View;
			sourceTree = "<group>";
		};
		A67F403222C4A04E002194B9 /* Banner */ = {
			isa = PBXGroup;
			children = (
				A68BA21D22C3733000BD98BD /* BannerViewController.swift */,
				A67F403022C47A6E002194B9 /* BannerCollectionViewCell.swift */,
				A67F402E22C478CC002194B9 /* BannerDataSource.swift */,
			);
			path = Banner;
			sourceTree = "<group>";
		};
		A68BA20F22C3732F00BD98BD = {
			isa = PBXGroup;
			children = (
				A68BA21A22C3733000BD98BD /* MVVM */,
				A68BA22F22C3733200BD98BD /* MVVMTests */,
				A68BA23A22C3733200BD98BD /* MVVMUITests */,
				A68BA21922C3733000BD98BD /* Products */,
				36A3AE4EE14744572852E6B9 /* Pods */,
				187F1FB22AD419B503A75B89 /* Frameworks */,
			);
			sourceTree = "<group>";
		};
		A68BA21922C3733000BD98BD /* Products */ = {
			isa = PBXGroup;
			children = (
				A68BA21822C3733000BD98BD /* MVVM.app */,
				A68BA22C22C3733200BD98BD /* MVVMTests.xctest */,
				A68BA23722C3733200BD98BD /* MVVMUITests.xctest */,
			);
			name = Products;
			sourceTree = "<group>";
		};
		A68BA21A22C3733000BD98BD /* MVVM */ = {
			isa = PBXGroup;
			children = (
				A67F402422C473A2002194B9 /* Classes */,
				A67F401C22C43E23002194B9 /* Extentions */,
				A67F401622C3BB34002194B9 /* Networking */,
				A68BA21B22C3733000BD98BD /* AppDelegate.swift */,
				A68BA21F22C3733000BD98BD /* Main.storyboard */,
				A68BA22222C3733200BD98BD /* Assets.xcassets */,
				A68BA22422C3733200BD98BD /* LaunchScreen.storyboard */,
				A68BA22722C3733200BD98BD /* Info.plist */,
			);
			path = MVVM;
			sourceTree = "<group>";
		};
		A68BA22F22C3733200BD98BD /* MVVMTests */ = {
			isa = PBXGroup;
			children = (
				A68BA23022C3733200BD98BD /* MVVMTests.swift */,
				A68BA23222C3733200BD98BD /* Info.plist */,
			);
			path = MVVMTests;
			sourceTree = "<group>";
		};
		A68BA23A22C3733200BD98BD /* MVVMUITests */ = {
			isa = PBXGroup;
			children = (
				A68BA23B22C3733200BD98BD /* MVVMUITests.swift */,
				A68BA23D22C3733200BD98BD /* Info.plist */,
			);
			path = MVVMUITests;
			sourceTree = "<group>";
		};
/* End PBXGroup section */

/* Begin PBXNativeTarget section */
		A68BA21722C3733000BD98BD /* MVVM */ = {
			isa = PBXNativeTarget;
			buildConfigurationList = A68BA24022C3733200BD98BD /* Build configuration list for PBXNativeTarget "MVVM" */;
			buildPhases = (
				F7DACECC8B26CADDFEB4D33D /* [CP] Check Pods Manifest.lock */,
				A68BA21422C3733000BD98BD /* Sources */,
				A68BA21522C3733000BD98BD /* Frameworks */,
				A68BA21622C3733000BD98BD /* Resources */,
				B0A50F51837F3792BCEDFBBB /* [CP] Embed Pods Frameworks */,
			);
			buildRules = (
			);
			dependencies = (
			);
			name = MVVM;
			productName = MVVM;
			productReference = A68BA21822C3733000BD98BD /* MVVM.app */;
			productType = "com.apple.product-type.application";
		};
		A68BA22B22C3733200BD98BD /* MVVMTests */ = {
			isa = PBXNativeTarget;
			buildConfigurationList = A68BA24322C3733200BD98BD /* Build configuration list for PBXNativeTarget "MVVMTests" */;
			buildPhases = (
				D93B9756ACAB76FF714FBE4F /* [CP] Check Pods Manifest.lock */,
				A68BA22822C3733200BD98BD /* Sources */,
				A68BA22922C3733200BD98BD /* Frameworks */,
				A68BA22A22C3733200BD98BD /* Resources */,
			);
			buildRules = (
			);
			dependencies = (
				A68BA22E22C3733200BD98BD /* PBXTargetDependency */,
			);
			name = MVVMTests;
			productName = MVVMTests;
			productReference = A68BA22C22C3733200BD98BD /* MVVMTests.xctest */;
			productType = "com.apple.product-type.bundle.unit-test";
		};
		A68BA23622C3733200BD98BD /* MVVMUITests */ = {
			isa = PBXNativeTarget;
			buildConfigurationList = A68BA24622C3733200BD98BD /* Build configuration list for PBXNativeTarget "MVVMUITests" */;
			buildPhases = (
				52D95C5B5F3FB30338E22553 /* [CP] Check Pods Manifest.lock */,
				A68BA23322C3733200BD98BD /* Sources */,
				A68BA23422C3733200BD98BD /* Frameworks */,
				A68BA23522C3733200BD98BD /* Resources */,
			);
			buildRules = (
			);
			dependencies = (
				A68BA23922C3733200BD98BD /* PBXTargetDependency */,
			);
			name = MVVMUITests;
			productName = MVVMUITests;
			productReference = A68BA23722C3733200BD98BD /* MVVMUITests.xctest */;
			productType = "com.apple.product-type.bundle.ui-testing";
		};
/* End PBXNativeTarget section */

/* Begin PBXProject section */
		A68BA21022C3732F00BD98BD /* Project object */ = {
			isa = PBXProject;
			attributes = {
				LastSwiftUpdateCheck = 1000;
				LastUpgradeCheck = 1000;
				ORGANIZATIONNAME = "Chandran, Sudha";
				TargetAttributes = {
					A68BA21722C3733000BD98BD = {
						CreatedOnToolsVersion = 10.0;
					};
					A68BA22B22C3733200BD98BD = {
						CreatedOnToolsVersion = 10.0;
						TestTargetID = A68BA21722C3733000BD98BD;
					};
					A68BA23622C3733200BD98BD = {
						CreatedOnToolsVersion = 10.0;
						TestTargetID = A68BA21722C3733000BD98BD;
					};
				};
			};
			buildConfigurationList = A68BA21322C3732F00BD98BD /* Build configuration list for PBXProject "MVVM" */;
			compatibilityVersion = "Xcode 9.3";
			developmentRegion = en;
			hasScannedForEncodings = 0;
			knownRegions = (
				en,
				Base,
			);
			mainGroup = A68BA20F22C3732F00BD98BD;
			productRefGroup = A68BA21922C3733000BD98BD /* Products */;
			projectDirPath = "";
			projectRoot = "";
			targets = (
				A68BA21722C3733000BD98BD /* MVVM */,
				A68BA22B22C3733200BD98BD /* MVVMTests */,
				A68BA23622C3733200BD98BD /* MVVMUITests */,
			);
		};
/* End PBXProject section */

/* Begin PBXResourcesBuildPhase section */
		A68BA21622C3733000BD98BD /* Resources */ = {
			isa = PBXResourcesBuildPhase;
			buildActionMask = 2147483647;
			files = (
				A68BA22622C3733200BD98BD /* LaunchScreen.storyboard in Resources */,
				A68BA22322C3733200BD98BD /* Assets.xcassets in Resources */,
				A68BA22122C3733000BD98BD /* Main.storyboard in Resources */,
			);
			runOnlyForDeploymentPostprocessing = 0;
		};
		A68BA22A22C3733200BD98BD /* Resources */ = {
			isa = PBXResourcesBuildPhase;
			buildActionMask = 2147483647;
			files = (
			);
			runOnlyForDeploymentPostprocessing = 0;
		};
		A68BA23522C3733200BD98BD /* Resources */ = {
			isa = PBXResourcesBuildPhase;
			buildActionMask = 2147483647;
			files = (
			);
			runOnlyForDeploymentPostprocessing = 0;
		};
/* End PBXResourcesBuildPhase section */

/* Begin PBXShellScriptBuildPhase section */
		52D95C5B5F3FB30338E22553 /* [CP] Check Pods Manifest.lock */ = {
			isa = PBXShellScriptBuildPhase;
			buildActionMask = 2147483647;
			files = (
			);
			inputFileListPaths = (
			);
			inputPaths = (
				"${PODS_PODFILE_DIR_PATH}/Podfile.lock",
				"${PODS_ROOT}/Manifest.lock",
			);
			name = "[CP] Check Pods Manifest.lock";
			outputFileListPaths = (
			);
			outputPaths = (
				"$(DERIVED_FILE_DIR)/Pods-MVVMUITests-checkManifestLockResult.txt",
			);
			runOnlyForDeploymentPostprocessing = 0;
			shellPath = /bin/sh;
			shellScript = "diff \"${PODS_PODFILE_DIR_PATH}/Podfile.lock\" \"${PODS_ROOT}/Manifest.lock\" > /dev/null\nif [ $? != 0 ] ; then\n    # print error to STDERR\n    echo \"error: The sandbox is not in sync with the Podfile.lock. Run 'pod install' or update your CocoaPods installation.\" >&2\n    exit 1\nfi\n# This output is used by Xcode 'outputs' to avoid re-running this script phase.\necho \"SUCCESS\" > \"${SCRIPT_OUTPUT_FILE_0}\"\n";
			showEnvVarsInLog = 0;
		};
		B0A50F51837F3792BCEDFBBB /* [CP] Embed Pods Frameworks */ = {
			isa = PBXShellScriptBuildPhase;
			buildActionMask = 2147483647;
			files = (
			);
			inputFileListPaths = (
			);
			inputPaths = (
				"${SRCROOT}/Pods/Target Support Files/Pods-MVVM/Pods-MVVM-frameworks.sh",
				"${BUILT_PRODUCTS_DIR}/Alamofire/Alamofire.framework",
				"${BUILT_PRODUCTS_DIR}/SwiftyJSON/SwiftyJSON.framework",
			);
			name = "[CP] Embed Pods Frameworks";
			outputFileListPaths = (
			);
			outputPaths = (
				"${TARGET_BUILD_DIR}/${FRAMEWORKS_FOLDER_PATH}/Alamofire.framework",
				"${TARGET_BUILD_DIR}/${FRAMEWORKS_FOLDER_PATH}/SwiftyJSON.framework",
			);
			runOnlyForDeploymentPostprocessing = 0;
			shellPath = /bin/sh;
			shellScript = "\"${SRCROOT}/Pods/Target Support Files/Pods-MVVM/Pods-MVVM-frameworks.sh\"\n";
			showEnvVarsInLog = 0;
		};
		D93B9756ACAB76FF714FBE4F /* [CP] Check Pods Manifest.lock */ = {
			isa = PBXShellScriptBuildPhase;
			buildActionMask = 2147483647;
			files = (
			);
			inputFileListPaths = (
			);
			inputPaths = (
				"${PODS_PODFILE_DIR_PATH}/Podfile.lock",
				"${PODS_ROOT}/Manifest.lock",
			);
			name = "[CP] Check Pods Manifest.lock";
			outputFileListPaths = (
			);
			outputPaths = (
				"$(DERIVED_FILE_DIR)/Pods-MVVMTests-checkManifestLockResult.txt",
			);
			runOnlyForDeploymentPostprocessing = 0;
			shellPath = /bin/sh;
			shellScript = "diff \"${PODS_PODFILE_DIR_PATH}/Podfile.lock\" \"${PODS_ROOT}/Manifest.lock\" > /dev/null\nif [ $? != 0 ] ; then\n    # print error to STDERR\n    echo \"error: The sandbox is not in sync with the Podfile.lock. Run 'pod install' or update your CocoaPods installation.\" >&2\n    exit 1\nfi\n# This output is used by Xcode 'outputs' to avoid re-running this script phase.\necho \"SUCCESS\" > \"${SCRIPT_OUTPUT_FILE_0}\"\n";
			showEnvVarsInLog = 0;
		};
		F7DACECC8B26CADDFEB4D33D /* [CP] Check Pods Manifest.lock */ = {
			isa = PBXShellScriptBuildPhase;
			buildActionMask = 2147483647;
			files = (
			);
			inputFileListPaths = (
			);
			inputPaths = (
				"${PODS_PODFILE_DIR_PATH}/Podfile.lock",
				"${PODS_ROOT}/Manifest.lock",
			);
			name = "[CP] Check Pods Manifest.lock";
			outputFileListPaths = (
			);
			outputPaths = (
				"$(DERIVED_FILE_DIR)/Pods-MVVM-checkManifestLockResult.txt",
			);
			runOnlyForDeploymentPostprocessing = 0;
			shellPath = /bin/sh;
			shellScript = "diff \"${PODS_PODFILE_DIR_PATH}/Podfile.lock\" \"${PODS_ROOT}/Manifest.lock\" > /dev/null\nif [ $? != 0 ] ; then\n    # print error to STDERR\n    echo \"error: The sandbox is not in sync with the Podfile.lock. Run 'pod install' or update your CocoaPods installation.\" >&2\n    exit 1\nfi\n# This output is used by Xcode 'outputs' to avoid re-running this script phase.\necho \"SUCCESS\" > \"${SCRIPT_OUTPUT_FILE_0}\"\n";
			showEnvVarsInLog = 0;
		};
/* End PBXShellScriptBuildPhase section */

/* Begin PBXSourcesBuildPhase section */
		A68BA21422C3733000BD98BD /* Sources */ = {
			isa = PBXSourcesBuildPhase;
			buildActionMask = 2147483647;
			files = (
				A67F402C22C47717002194B9 /* Main.swift in Sources */,
				A67F402022C471FD002194B9 /* DataProvider.swift in Sources */,
				A67F402722C473C0002194B9 /* BannerResponse.swift in Sources */,
				A67F401E22C43E46002194B9 /* SwiftyJSON_mvvm.swift in Sources */,
				A68BA21E22C3733000BD98BD /* BannerViewController.swift in Sources */,
				A68BA21C22C3733000BD98BD /* AppDelegate.swift in Sources */,
				A67F403122C47A6E002194B9 /* BannerCollectionViewCell.swift in Sources */,
				A67F401822C3BB5B002194B9 /* APIClient.swift in Sources */,
				A67F402F22C478CC002194B9 /* BannerDataSource.swift in Sources */,
				A67F401A22C436BB002194B9 /* API.swift in Sources */,
				A67F402222C472E3002194B9 /* BannerDataProvider.swift in Sources */,
				A67F402922C474F3002194B9 /* ImageBanner.swift in Sources */,
			);
			runOnlyForDeploymentPostprocessing = 0;
		};
		A68BA22822C3733200BD98BD /* Sources */ = {
			isa = PBXSourcesBuildPhase;
			buildActionMask = 2147483647;
			files = (
				A68BA23122C3733200BD98BD /* MVVMTests.swift in Sources */,
			);
			runOnlyForDeploymentPostprocessing = 0;
		};
		A68BA23322C3733200BD98BD /* Sources */ = {
			isa = PBXSourcesBuildPhase;
			buildActionMask = 2147483647;
			files = (
				A68BA23C22C3733200BD98BD /* MVVMUITests.swift in Sources */,
			);
			runOnlyForDeploymentPostprocessing = 0;
		};
/* End PBXSourcesBuildPhase section */

/* Begin PBXTargetDependency section */
		A68BA22E22C3733200BD98BD /* PBXTargetDependency */ = {
			isa = PBXTargetDependency;
			target = A68BA21722C3733000BD98BD /* MVVM */;
			targetProxy = A68BA22D22C3733200BD98BD /* PBXContainerItemProxy */;
		};
		A68BA23922C3733200BD98BD /* PBXTargetDependency */ = {
			isa = PBXTargetDependency;
			target = A68BA21722C3733000BD98BD /* MVVM */;
			targetProxy = A68BA23822C3733200BD98BD /* PBXContainerItemProxy */;
		};
/* End PBXTargetDependency section */

/* Begin PBXVariantGroup section */
		A68BA21F22C3733000BD98BD /* Main.storyboard */ = {
			isa = PBXVariantGroup;
			children = (
				A68BA22022C3733000BD98BD /* Base */,
			);
			name = Main.storyboard;
			sourceTree = "<group>";
		};
		A68BA22422C3733200BD98BD /* LaunchScreen.storyboard */ = {
			isa = PBXVariantGroup;
			children = (
				A68BA22522C3733200BD98BD /* Base */,
			);
			name = LaunchScreen.storyboard;
			sourceTree = "<group>";
		};
/* End PBXVariantGroup section */

/* Begin XCBuildConfiguration section */
		A68BA23E22C3733200BD98BD /* Debug */ = {
			isa = XCBuildConfiguration;
			buildSettings = {
				ALWAYS_SEARCH_USER_PATHS = NO;
				CLANG_ANALYZER_NONNULL = YES;
				CLANG_ANALYZER_NUMBER_OBJECT_CONVERSION = YES_AGGRESSIVE;
				CLANG_CXX_LANGUAGE_STANDARD = "gnu++14";
				CLANG_CXX_LIBRARY = "libc++";
				CLANG_ENABLE_MODULES = YES;
				CLANG_ENABLE_OBJC_ARC = YES;
				CLANG_ENABLE_OBJC_WEAK = YES;
				CLANG_WARN_BLOCK_CAPTURE_AUTORELEASING = YES;
				CLANG_WARN_BOOL_CONVERSION = YES;
				CLANG_WARN_COMMA = YES;
				CLANG_WARN_CONSTANT_CONVERSION = YES;
				CLANG_WARN_DEPRECATED_OBJC_IMPLEMENTATIONS = YES;
				CLANG_WARN_DIRECT_OBJC_ISA_USAGE = YES_ERROR;
				CLANG_WARN_DOCUMENTATION_COMMENTS = YES;
				CLANG_WARN_EMPTY_BODY = YES;
				CLANG_WARN_ENUM_CONVERSION = YES;
				CLANG_WARN_INFINITE_RECURSION = YES;
				CLANG_WARN_INT_CONVERSION = YES;
				CLANG_WARN_NON_LITERAL_NULL_CONVERSION = YES;
				CLANG_WARN_OBJC_IMPLICIT_RETAIN_SELF = YES;
				CLANG_WARN_OBJC_LITERAL_CONVERSION = YES;
				CLANG_WARN_OBJC_ROOT_CLASS = YES_ERROR;
				CLANG_WARN_RANGE_LOOP_ANALYSIS = YES;
				CLANG_WARN_STRICT_PROTOTYPES = YES;
				CLANG_WARN_SUSPICIOUS_MOVE = YES;
				CLANG_WARN_UNGUARDED_AVAILABILITY = YES_AGGRESSIVE;
				CLANG_WARN_UNREACHABLE_CODE = YES;
				CLANG_WARN__DUPLICATE_METHOD_MATCH = YES;
				CODE_SIGN_IDENTITY = "iPhone Developer";
				COPY_PHASE_STRIP = NO;
				DEBUG_INFORMATION_FORMAT = dwarf;
				ENABLE_STRICT_OBJC_MSGSEND = YES;
				ENABLE_TESTABILITY = YES;
				GCC_C_LANGUAGE_STANDARD = gnu11;
				GCC_DYNAMIC_NO_PIC = NO;
				GCC_NO_COMMON_BLOCKS = YES;
				GCC_OPTIMIZATION_LEVEL = 0;
				GCC_PREPROCESSOR_DEFINITIONS = (
					"DEBUG=1",
					"$(inherited)",
				);
				GCC_WARN_64_TO_32_BIT_CONVERSION = YES;
				GCC_WARN_ABOUT_RETURN_TYPE = YES_ERROR;
				GCC_WARN_UNDECLARED_SELECTOR = YES;
				GCC_WARN_UNINITIALIZED_AUTOS = YES_AGGRESSIVE;
				GCC_WARN_UNUSED_FUNCTION = YES;
				GCC_WARN_UNUSED_VARIABLE = YES;
				IPHONEOS_DEPLOYMENT_TARGET = 12.0;
				MTL_ENABLE_DEBUG_INFO = INCLUDE_SOURCE;
				MTL_FAST_MATH = YES;
				ONLY_ACTIVE_ARCH = YES;
				SDKROOT = iphoneos;
				SWIFT_ACTIVE_COMPILATION_CONDITIONS = DEBUG;
				SWIFT_OPTIMIZATION_LEVEL = "-Onone";
			};
			name = Debug;
		};
		A68BA23F22C3733200BD98BD /* Release */ = {
			isa = XCBuildConfiguration;
			buildSettings = {
				ALWAYS_SEARCH_USER_PATHS = NO;
				CLANG_ANALYZER_NONNULL = YES;
				CLANG_ANALYZER_NUMBER_OBJECT_CONVERSION = YES_AGGRESSIVE;
				CLANG_CXX_LANGUAGE_STANDARD = "gnu++14";
				CLANG_CXX_LIBRARY = "libc++";
				CLANG_ENABLE_MODULES = YES;
				CLANG_ENABLE_OBJC_ARC = YES;
				CLANG_ENABLE_OBJC_WEAK = YES;
				CLANG_WARN_BLOCK_CAPTURE_AUTORELEASING = YES;
				CLANG_WARN_BOOL_CONVERSION = YES;
				CLANG_WARN_COMMA = YES;
				CLANG_WARN_CONSTANT_CONVERSION = YES;
				CLANG_WARN_DEPRECATED_OBJC_IMPLEMENTATIONS = YES;
				CLANG_WARN_DIRECT_OBJC_ISA_USAGE = YES_ERROR;
				CLANG_WARN_DOCUMENTATION_COMMENTS = YES;
				CLANG_WARN_EMPTY_BODY = YES;
				CLANG_WARN_ENUM_CONVERSION = YES;
				CLANG_WARN_INFINITE_RECURSION = YES;
				CLANG_WARN_INT_CONVERSION = YES;
				CLANG_WARN_NON_LITERAL_NULL_CONVERSION = YES;
				CLANG_WARN_OBJC_IMPLICIT_RETAIN_SELF = YES;
				CLANG_WARN_OBJC_LITERAL_CONVERSION = YES;
				CLANG_WARN_OBJC_ROOT_CLASS = YES_ERROR;
				CLANG_WARN_RANGE_LOOP_ANALYSIS = YES;
				CLANG_WARN_STRICT_PROTOTYPES = YES;
				CLANG_WARN_SUSPICIOUS_MOVE = YES;
				CLANG_WARN_UNGUARDED_AVAILABILITY = YES_AGGRESSIVE;
				CLANG_WARN_UNREACHABLE_CODE = YES;
				CLANG_WARN__DUPLICATE_METHOD_MATCH = YES;
				CODE_SIGN_IDENTITY = "iPhone Developer";
				COPY_PHASE_STRIP = NO;
				DEBUG_INFORMATION_FORMAT = "dwarf-with-dsym";
				ENABLE_NS_ASSERTIONS = NO;
				ENABLE_STRICT_OBJC_MSGSEND = YES;
				GCC_C_LANGUAGE_STANDARD = gnu11;
				GCC_NO_COMMON_BLOCKS = YES;
				GCC_WARN_64_TO_32_BIT_CONVERSION = YES;
				GCC_WARN_ABOUT_RETURN_TYPE = YES_ERROR;
				GCC_WARN_UNDECLARED_SELECTOR = YES;
				GCC_WARN_UNINITIALIZED_AUTOS = YES_AGGRESSIVE;
				GCC_WARN_UNUSED_FUNCTION = YES;
				GCC_WARN_UNUSED_VARIABLE = YES;
				IPHONEOS_DEPLOYMENT_TARGET = 12.0;
				MTL_ENABLE_DEBUG_INFO = NO;
				MTL_FAST_MATH = YES;
				SDKROOT = iphoneos;
				SWIFT_COMPILATION_MODE = wholemodule;
				SWIFT_OPTIMIZATION_LEVEL = "-O";
				VALIDATE_PRODUCT = YES;
			};
			name = Release;
		};
		A68BA24122C3733200BD98BD /* Debug */ = {
			isa = XCBuildConfiguration;
			baseConfigurationReference = 68D12C3EEDF59ADC4564BBA9 /* Pods-MVVM.debug.xcconfig */;
			buildSettings = {
				ASSETCATALOG_COMPILER_APPICON_NAME = AppIcon;
				CODE_SIGN_STYLE = Automatic;
				DEVELOPMENT_TEAM = 9G63F722Q2;
				INFOPLIST_FILE = MVVM/Info.plist;
				LD_RUNPATH_SEARCH_PATHS = (
					"$(inherited)",
					"@executable_path/Frameworks",
				);
				PRODUCT_BUNDLE_IDENTIFIER = com.company.MVVM;
				PRODUCT_NAME = "$(TARGET_NAME)";
				SWIFT_VERSION = 4.2;
				TARGETED_DEVICE_FAMILY = "1,2";
			};
			name = Debug;
		};
		A68BA24222C3733200BD98BD /* Release */ = {
			isa = XCBuildConfiguration;
			baseConfigurationReference = 1AD7A36775946374E78D5636 /* Pods-MVVM.release.xcconfig */;
			buildSettings = {
				ASSETCATALOG_COMPILER_APPICON_NAME = AppIcon;
				CODE_SIGN_STYLE = Automatic;
				DEVELOPMENT_TEAM = 9G63F722Q2;
				INFOPLIST_FILE = MVVM/Info.plist;
				LD_RUNPATH_SEARCH_PATHS = (
					"$(inherited)",
					"@executable_path/Frameworks",
				);
				PRODUCT_BUNDLE_IDENTIFIER = com.company.MVVM;
				PRODUCT_NAME = "$(TARGET_NAME)";
				SWIFT_VERSION = 4.2;
				TARGETED_DEVICE_FAMILY = "1,2";
			};
			name = Release;
		};
		A68BA24422C3733200BD98BD /* Debug */ = {
			isa = XCBuildConfiguration;
			baseConfigurationReference = 15C41D5126CC91F9E3CC68EB /* Pods-MVVMTests.debug.xcconfig */;
			buildSettings = {
				ALWAYS_EMBED_SWIFT_STANDARD_LIBRARIES = YES;
				BUNDLE_LOADER = "$(TEST_HOST)";
				CODE_SIGN_STYLE = Automatic;
				DEVELOPMENT_TEAM = 9G63F722Q2;
				INFOPLIST_FILE = MVVMTests/Info.plist;
				LD_RUNPATH_SEARCH_PATHS = (
					"$(inherited)",
					"@executable_path/Frameworks",
					"@loader_path/Frameworks",
				);
				PRODUCT_BUNDLE_IDENTIFIER = com.company.MVVMTests;
				PRODUCT_NAME = "$(TARGET_NAME)";
				SWIFT_VERSION = 4.2;
				TARGETED_DEVICE_FAMILY = "1,2";
				TEST_HOST = "$(BUILT_PRODUCTS_DIR)/MVVM.app/MVVM";
			};
			name = Debug;
		};
		A68BA24522C3733200BD98BD /* Release */ = {
			isa = XCBuildConfiguration;
			baseConfigurationReference = 5C4FCACA3F066EFCBEB6E3EC /* Pods-MVVMTests.release.xcconfig */;
			buildSettings = {
				ALWAYS_EMBED_SWIFT_STANDARD_LIBRARIES = YES;
				BUNDLE_LOADER = "$(TEST_HOST)";
				CODE_SIGN_STYLE = Automatic;
				DEVELOPMENT_TEAM = 9G63F722Q2;
				INFOPLIST_FILE = MVVMTests/Info.plist;
				LD_RUNPATH_SEARCH_PATHS = (
					"$(inherited)",
					"@executable_path/Frameworks",
					"@loader_path/Frameworks",
				);
				PRODUCT_BUNDLE_IDENTIFIER = com.company.MVVMTests;
				PRODUCT_NAME = "$(TARGET_NAME)";
				SWIFT_VERSION = 4.2;
				TARGETED_DEVICE_FAMILY = "1,2";
				TEST_HOST = "$(BUILT_PRODUCTS_DIR)/MVVM.app/MVVM";
			};
			name = Release;
		};
		A68BA24722C3733200BD98BD /* Debug */ = {
			isa = XCBuildConfiguration;
			baseConfigurationReference = D74F06CA4AD8848BE514B24B /* Pods-MVVMUITests.debug.xcconfig */;
			buildSettings = {
				ALWAYS_EMBED_SWIFT_STANDARD_LIBRARIES = YES;
				CODE_SIGN_STYLE = Automatic;
				DEVELOPMENT_TEAM = 9G63F722Q2;
				INFOPLIST_FILE = MVVMUITests/Info.plist;
				LD_RUNPATH_SEARCH_PATHS = (
					"$(inherited)",
					"@executable_path/Frameworks",
					"@loader_path/Frameworks",
				);
				PRODUCT_BUNDLE_IDENTIFIER = com.company.MVVMUITests;
				PRODUCT_NAME = "$(TARGET_NAME)";
				SWIFT_VERSION = 4.2;
				TARGETED_DEVICE_FAMILY = "1,2";
				TEST_TARGET_NAME = MVVM;
			};
			name = Debug;
		};
		A68BA24822C3733200BD98BD /* Release */ = {
			isa = XCBuildConfiguration;
			baseConfigurationReference = A4A73A0517675C679B11DB34 /* Pods-MVVMUITests.release.xcconfig */;
			buildSettings = {
				ALWAYS_EMBED_SWIFT_STANDARD_LIBRARIES = YES;
				CODE_SIGN_STYLE = Automatic;
				DEVELOPMENT_TEAM = 9G63F722Q2;
				INFOPLIST_FILE = MVVMUITests/Info.plist;
				LD_RUNPATH_SEARCH_PATHS = (
					"$(inherited)",
					"@executable_path/Frameworks",
					"@loader_path/Frameworks",
				);
				PRODUCT_BUNDLE_IDENTIFIER = com.company.MVVMUITests;
				PRODUCT_NAME = "$(TARGET_NAME)";
				SWIFT_VERSION = 4.2;
				TARGETED_DEVICE_FAMILY = "1,2";
				TEST_TARGET_NAME = MVVM;
			};
			name = Release;
		};
/* End XCBuildConfiguration section */

/* Begin XCConfigurationList section */
		A68BA21322C3732F00BD98BD /* Build configuration list for PBXProject "MVVM" */ = {
			isa = XCConfigurationList;
			buildConfigurations = (
				A68BA23E22C3733200BD98BD /* Debug */,
				A68BA23F22C3733200BD98BD /* Release */,
			);
			defaultConfigurationIsVisible = 0;
			defaultConfigurationName = Release;
		};
		A68BA24022C3733200BD98BD /* Build configuration list for PBXNativeTarget "MVVM" */ = {
			isa = XCConfigurationList;
			buildConfigurations = (
				A68BA24122C3733200BD98BD /* Debug */,
				A68BA24222C3733200BD98BD /* Release */,
			);
			defaultConfigurationIsVisible = 0;
			defaultConfigurationName = Release;
		};
		A68BA24322C3733200BD98BD /* Build configuration list for PBXNativeTarget "MVVMTests" */ = {
			isa = XCConfigurationList;
			buildConfigurations = (
				A68BA24422C3733200BD98BD /* Debug */,
				A68BA24522C3733200BD98BD /* Release */,
			);
			defaultConfigurationIsVisible = 0;
			defaultConfigurationName = Release;
		};
		A68BA24622C3733200BD98BD /* Build configuration list for PBXNativeTarget "MVVMUITests" */ = {
			isa = XCConfigurationList;
			buildConfigurations = (
				A68BA24722C3733200BD98BD /* Debug */,
				A68BA24822C3733200BD98BD /* Release */,
			);
			defaultConfigurationIsVisible = 0;
			defaultConfigurationName = Release;
		};
/* End XCConfigurationList section */
	};
	rootObject = A68BA21022C3732F00BD98BD /* Project object */;
}
